
Microsoft Visual Studio Solution File, Format Version 12.00
# Visual Studio 15
VisualStudioVersion = 15.0.27428.2005
MinimumVisualStudioVersion = 10.0.40219.1
Project("{FAE04EC0-301F-11D3-BF4B-00C04F79EFBC}") = "ScrollConverter.Android", "ScrollConverter\ScrollConverter.Android\ScrollConverter.Android.csproj", "{4D4486BD-4B43-4F61-8A70-4DBCD35D3268}"
EndProject
Project("{FAE04EC0-301F-11D3-BF4B-00C04F79EFBC}") = "ScrollConverter.iOS", "ScrollConverter\ScrollConverter.iOS\ScrollConverter.iOS.csproj", "{561160E0-5314-4E76-A0F3-5BEB2130E7DF}"
EndProject
Project("{FAE04EC0-301F-11D3-BF4B-00C04F79EFBC}") = "ScrollConverter.UWP", "ScrollConverter\ScrollConverter.UWP\ScrollConverter.UWP.csproj", "{7B68E2B0-64AF-4F6D-8EA3-0C90974E4170}"
EndProject
Project("{FAE04EC0-301F-11D3-BF4B-00C04F79EFBC}") = "ScrollConverter", "ScrollConverter\ScrollConverter\ScrollConverter.csproj", "{C0661727-4E7F-4403-9C9A-F6EC056ADD25}"
EndProject
Global
	GlobalSection(SolutionConfigurationPlatforms) = preSolution
		Ad-Hoc|Any CPU = Ad-Hoc|Any CPU
		Ad-Hoc|ARM = Ad-Hoc|ARM
		Ad-Hoc|iPhone = Ad-Hoc|iPhone
		Ad-Hoc|iPhoneSimulator = Ad-Hoc|iPhoneSimulator
		Ad-Hoc|x64 = Ad-Hoc|x64
		Ad-Hoc|x86 = Ad-Hoc|x86
		AppStore|Any CPU = AppStore|Any CPU
		AppStore|ARM = AppStore|ARM
		AppStore|iPhone = AppStore|iPhone
		AppStore|iPhoneSimulator = AppStore|iPhoneSimulator
		AppStore|x64 = AppStore|x64
		AppStore|x86 = AppStore|x86
		Debug|Any CPU = Debug|Any CPU
		Debug|ARM = Debug|ARM
		Debug|iPhone = Debug|iPhone
		Debug|iPhoneSimulator = Debug|iPhoneSimulator
		Debug|x64 = Debug|x64
		Debug|x86 = Debug|x86
		Release|Any CPU = Release|Any CPU
		Release|ARM = Release|ARM
		Release|iPhone = Release|iPhone
		Release|iPhoneSimulator = Release|iPhoneSimulator
		Release|x64 = Release|x64
		Release|x86 = Release|x86
	EndGlobalSection
	GlobalSection(ProjectConfigurationPlatforms) = postSolution
		{4D4486BD-4B43-4F61-8A70-4DBCD35D3268}.Ad-Hoc|Any CPU.ActiveCfg = Release|Any CPU
		{4D4486BD-4B43-4F61-8A70-4DBCD35D3268}.Ad-Hoc|Any CPU.Build.0 = Release|Any CPU
		{4D4486BD-4B43-4F61-8A70-4DBCD35D3268}.Ad-Hoc|Any CPU.Deploy.0 = Release|Any CPU
		{4D4486BD-4B43-4F61-8A70-4DBCD35D3268}.Ad-Hoc|ARM.ActiveCfg = Release|Any CPU
		{4D4486BD-4B43-4F61-8A70-4DBCD35D3268}.Ad-Hoc|ARM.Build.0 = Release|Any CPU
		{4D4486BD-4B43-4F61-8A70-4DBCD35D3268}.Ad-Hoc|ARM.Deploy.0 = Release|Any CPU
		{4D4486BD-4B43-4F61-8A70-4DBCD35D3268}.Ad-Hoc|iPhone.ActiveCfg = Release|Any CPU
		{4D4486BD-4B43-4F61-8A70-4DBCD35D3268}.Ad-Hoc|iPhone.Build.0 = Release|Any CPU
		{4D4486BD-4B43-4F61-8A70-4DBCD35D3268}.Ad-Hoc|iPhone.Deploy.0 = Release|Any CPU
		{4D4486BD-4B43-4F61-8A70-4DBCD35D3268}.Ad-Hoc|iPhoneSimulator.ActiveCfg = Release|Any CPU
		{4D4486BD-4B43-4F61-8A70-4DBCD35D3268}.Ad-Hoc|iPhoneSimulator.Build.0 = Release|Any CPU
		{4D4486BD-4B43-4F61-8A70-4DBCD35D3268}.Ad-Hoc|iPhoneSimulator.Deploy.0 = Release|Any CPU
		{4D4486BD-4B43-4F61-8A70-4DBCD35D3268}.Ad-Hoc|x64.ActiveCfg = Release|Any CPU
		{4D4486BD-4B43-4F61-8A70-4DBCD35D3268}.Ad-Hoc|x64.Build.0 = Release|Any CPU
		{4D4486BD-4B43-4F61-8A70-4DBCD35D3268}.Ad-Hoc|x64.Deploy.0 = Release|Any CPU
		{4D4486BD-4B43-4F61-8A70-4DBCD35D3268}.Ad-Hoc|x86.ActiveCfg = Release|Any CPU
		{4D4486BD-4B43-4F61-8A70-4DBCD35D3268}.Ad-Hoc|x86.Build.0 = Release|Any CPU
		{4D4486BD-4B43-4F61-8A70-4DBCD35D3268}.Ad-Hoc|x86.Deploy.0 = Release|Any CPU
		{4D4486BD-4B43-4F61-8A70-4DBCD35D3268}.AppStore|Any CPU.ActiveCfg = Release|Any CPU
		{4D4486BD-4B43-4F61-8A70-4DBCD35D3268}.AppStore|Any CPU.Build.0 = Release|Any CPU
		{4D4486BD-4B43-4F61-8A70-4DBCD35D3268}.AppStore|Any CPU.Deploy.0 = Release|Any CPU
		{4D4486BD-4B43-4F61-8A70-4DBCD35D3268}.AppStore|ARM.ActiveCfg = Release|Any CPU
		{4D4486BD-4B43-4F61-8A70-4DBCD35D3268}.AppStore|ARM.Build.0 = Release|Any CPU
		{4D4486BD-4B43-4F61-8A70-4DBCD35D3268}.AppStore|ARM.Deploy.0 = Release|Any CPU
		{4D4486BD-4B43-4F61-8A70-4DBCD35D3268}.AppStore|iPhone.ActiveCfg = Release|Any CPU
		{4D4486BD-4B43-4F61-8A70-4DBCD35D3268}.AppStore|iPhone.Build.0 = Release|Any CPU
		{4D4486BD-4B43-4F61-8A70-4DBCD35D3268}.AppStore|iPhone.Deploy.0 = Release|Any CPU
		{4D4486BD-4B43-4F61-8A70-4DBCD35D3268}.AppStore|iPhoneSimulator.ActiveCfg = Release|Any CPU
		{4D4486BD-4B43-4F61-8A70-4DBCD35D3268}.AppStore|iPhoneSimulator.Build.0 = Release|Any CPU
		{4D4486BD-4B43-4F61-8A70-4DBCD35D3268}.AppStore|iPhoneSimulator.Deploy.0 = Release|Any CPU
		{4D4486BD-4B43-4F61-8A70-4DBCD35D3268}.AppStore|x64.ActiveCfg = Release|Any CPU
		{4D4486BD-4B43-4F61-8A70-4DBCD35D3268}.AppStore|x64.Build.0 = Release|Any CPU
		{4D4486BD-4B43-4F61-8A70-4DBCD35D3268}.AppStore|x64.Deploy.0 = Release|Any CPU
		{4D4486BD-4B43-4F61-8A70-4DBCD35D3268}.AppStore|x86.ActiveCfg = Release|Any CPU
		{4D4486BD-4B43-4F61-8A70-4DBCD35D3268}.AppStore|x86.Build.0 = Release|Any CPU
		{4D4486BD-4B43-4F61-8A70-4DBCD35D3268}.AppStore|x86.Deploy.0 = Release|Any CPU
		{4D4486BD-4B43-4F61-8A70-4DBCD35D3268}.Debug|Any CPU.ActiveCfg = Debug|Any CPU
		{4D4486BD-4B43-4F61-8A70-4DBCD35D3268}.Debug|Any CPU.Build.0 = Debug|Any CPU
		{4D4486BD-4B43-4F61-8A70-4DBCD35D3268}.Debug|Any CPU.Deploy.0 = Debug|Any CPU
		{4D4486BD-4B43-4F61-8A70-4DBCD35D3268}.Debug|ARM.ActiveCfg = Debug|Any CPU
		{4D4486BD-4B43-4F61-8A70-4DBCD35D3268}.Debug|ARM.Build.0 = Debug|Any CPU
		{4D4486BD-4B43-4F61-8A70-4DBCD35D3268}.Debug|ARM.Deploy.0 = Debug|Any CPU
		{4D4486BD-4B43-4F61-8A70-4DBCD35D3268}.Debug|iPhone.ActiveCfg = Debug|Any CPU
		{4D4486BD-4B43-4F61-8A70-4DBCD35D3268}.Debug|iPhone.Build.0 = Debug|Any CPU
		{4D4486BD-4B43-4F61-8A70-4DBCD35D3268}.Debug|iPhone.Deploy.0 = Debug|Any CPU
		{4D4486BD-4B43-4F61-8A70-4DBCD35D3268}.Debug|iPhoneSimulator.ActiveCfg = Debug|Any CPU
		{4D4486BD-4B43-4F61-8A70-4DBCD35D3268}.Debug|iPhoneSimulator.Build.0 = Debug|Any CPU
		{4D4486BD-4B43-4F61-8A70-4DBCD35D3268}.Debug|iPhoneSimulator.Deploy.0 = Debug|Any CPU
		{4D4486BD-4B43-4F61-8A70-4DBCD35D3268}.Debug|x64.ActiveCfg = Debug|Any CPU
		{4D4486BD-4B43-4F61-8A70-4DBCD35D3268}.Debug|x64.Build.0 = Debug|Any CPU
		{4D4486BD-4B43-4F61-8A70-4DBCD35D3268}.Debug|x64.Deploy.0 = Debug|Any CPU
		{4D4486BD-4B43-4F61-8A70-4DBCD35D3268}.Debug|x86.ActiveCfg = Debug|Any CPU
		{4D4486BD-4B43-4F61-8A70-4DBCD35D3268}.Debug|x86.Build.0 = Debug|Any CPU
		{4D4486BD-4B43-4F61-8A70-4DBCD35D3268}.Debug|x86.Deploy.0 = Debug|Any CPU
		{4D4486BD-4B43-4F61-8A70-4DBCD35D3268}.Release|Any CPU.ActiveCfg = Release|Any CPU
		{4D4486BD-4B43-4F61-8A70-4DBCD35D3268}.Release|Any CPU.Build.0 = Release|Any CPU
		{4D4486BD-4B43-4F61-8A70-4DBCD35D3268}.Release|Any CPU.Deploy.0 = Release|Any CPU
		{4D4486BD-4B43-4F61-8A70-4DBCD35D3268}.Release|ARM.ActiveCfg = Release|Any CPU
		{4D4486BD-4B43-4F61-8A70-4DBCD35D3268}.Release|ARM.Build.0 = Release|Any CPU
		{4D4486BD-4B43-4F61-8A70-4DBCD35D3268}.Release|ARM.Deploy.0 = Release|Any CPU
		{4D4486BD-4B43-4F61-8A70-4DBCD35D3268}.Release|iPhone.ActiveCfg = Release|Any CPU
		{4D4486BD-4B43-4F61-8A70-4DBCD35D3268}.Release|iPhone.Build.0 = Release|Any CPU
		{4D4486BD-4B43-4F61-8A70-4DBCD35D3268}.Release|iPhone.Deploy.0 = Release|Any CPU
		{4D4486BD-4B43-4F61-8A70-4DBCD35D3268}.Release|iPhoneSimulator.ActiveCfg = Release|Any CPU
		{4D4486BD-4B43-4F61-8A70-4DBCD35D3268}.Release|iPhoneSimulator.Build.0 = Release|Any CPU
		{4D4486BD-4B43-4F61-8A70-4DBCD35D3268}.Release|iPhoneSimulator.Deploy.0 = Release|Any CPU
		{4D4486BD-4B43-4F61-8A70-4DBCD35D3268}.Release|x64.ActiveCfg = Release|Any CPU
		{4D4486BD-4B43-4F61-8A70-4DBCD35D3268}.Release|x64.Build.0 = Release|Any CPU
		{4D4486BD-4B43-4F61-8A70-4DBCD35D3268}.Release|x64.Deploy.0 = Release|Any CPU
		{4D4486BD-4B43-4F61-8A70-4DBCD35D3268}.Release|x86.ActiveCfg = Release|Any CPU
		{4D4486BD-4B43-4F61-8A70-4DBCD35D3268}.Release|x86.Build.0 = Release|Any CPU
		{4D4486BD-4B43-4F61-8A70-4DBCD35D3268}.Release|x86.Deploy.0 = Release|Any CPU
		{561160E0-5314-4E76-A0F3-5BEB2130E7DF}.Ad-Hoc|Any CPU.ActiveCfg = Ad-Hoc|iPhone
		{561160E0-5314-4E76-A0F3-5BEB2130E7DF}.Ad-Hoc|ARM.ActiveCfg = Ad-Hoc|iPhone
		{561160E0-5314-4E76-A0F3-5BEB2130E7DF}.Ad-Hoc|iPhone.ActiveCfg = Ad-Hoc|iPhone
		{561160E0-5314-4E76-A0F3-5BEB2130E7DF}.Ad-Hoc|iPhone.Build.0 = Ad-Hoc|iPhone
		{561160E0-5314-4E76-A0F3-5BEB2130E7DF}.Ad-Hoc|iPhoneSimulator.ActiveCfg = Ad-Hoc|iPhoneSimulator
		{561160E0-5314-4E76-A0F3-5BEB2130E7DF}.Ad-Hoc|iPhoneSimulator.Build.0 = Ad-Hoc|iPhoneSimulator
		{561160E0-5314-4E76-A0F3-5BEB2130E7DF}.Ad-Hoc|x64.ActiveCfg = Ad-Hoc|iPhone
		{561160E0-5314-4E76-A0F3-5BEB2130E7DF}.Ad-Hoc|x86.ActiveCfg = Ad-Hoc|iPhone
		{561160E0-5314-4E76-A0F3-5BEB2130E7DF}.AppStore|Any CPU.ActiveCfg = AppStore|iPhone
		{561160E0-5314-4E76-A0F3-5BEB2130E7DF}.AppStore|ARM.ActiveCfg = AppStore|iPhone
		{561160E0-5314-4E76-A0F3-5BEB2130E7DF}.AppStore|iPhone.ActiveCfg = AppStore|iPhone
		{561160E0-5314-4E76-A0F3-5BEB2130E7DF}.AppStore|iPhone.Build.0 = AppStore|iPhone
		{561160E0-5314-4E76-A0F3-5BEB2130E7DF}.AppStore|iPhoneSimulator.ActiveCfg = AppStore|iPhoneSimulator
		{561160E0-5314-4E76-A0F3-5BEB2130E7DF}.AppStore|iPhoneSimulator.Build.0 = AppStore|iPhoneSimulator
		{561160E0-5314-4E76-A0F3-5BEB2130E7DF}.AppStore|x64.ActiveCfg = AppStore|iPhone
		{561160E0-5314-4E76-A0F3-5BEB2130E7DF}.AppStore|x86.ActiveCfg = AppStore|iPhone
		{561160E0-5314-4E76-A0F3-5BEB2130E7DF}.Debug|Any CPU.ActiveCfg = Debug|iPhone
		{561160E0-5314-4E76-A0F3-5BEB2130E7DF}.Debug|ARM.ActiveCfg = Debug|iPhone
		{561160E0-5314-4E76-A0F3-5BEB2130E7DF}.Debug|iPhone.ActiveCfg = Debug|iPhone
		{561160E0-5314-4E76-A0F3-5BEB2130E7DF}.Debug|iPhone.Build.0 = Debug|iPhone
		{561160E0-5314-4E76-A0F3-5BEB2130E7DF}.Debug|iPhoneSimulator.ActiveCfg = Debug|iPhoneSimulator
		{561160E0-5314-4E76-A0F3-5BEB2130E7DF}.Debug|iPhoneSimulator.Build.0 = Debug|iPhoneSimulator
		{561160E0-5314-4E76-A0F3-5BEB2130E7DF}.Debug|x64.ActiveCfg = Debug|iPhone
		{561160E0-5314-4E76-A0F3-5BEB2130E7DF}.Debug|x86.ActiveCfg = Debug|iPhone
		{561160E0-5314-4E76-A0F3-5BEB2130E7DF}.Release|Any CPU.ActiveCfg = Release|iPhone
		{561160E0-5314-4E76-A0F3-5BEB2130E7DF}.Release|ARM.ActiveCfg = Release|iPhone
		{561160E0-5314-4E76-A0F3-5BEB2130E7DF}.Release|iPhone.ActiveCfg = Release|iPhone
		{561160E0-5314-4E76-A0F3-5BEB2130E7DF}.Release|iPhone.Build.0 = Release|iPhone
		{561160E0-5314-4E76-A0F3-5BEB2130E7DF}.Release|iPhoneSimulator.ActiveCfg = Release|iPhoneSimulator
		{561160E0-5314-4E76-A0F3-5BEB2130E7DF}.Release|iPhoneSimulator.Build.0 = Release|iPhoneSimulator
		{561160E0-5314-4E76-A0F3-5BEB2130E7DF}.Release|x64.ActiveCfg = Release|iPhone
		{561160E0-5314-4E76-A0F3-5BEB2130E7DF}.Release|x86.ActiveCfg = Release|iPhone
		{7B68E2B0-64AF-4F6D-8EA3-0C90974E4170}.Ad-Hoc|Any CPU.ActiveCfg = Release|x86
		{7B68E2B0-64AF-4F6D-8EA3-0C90974E4170}.Ad-Hoc|Any CPU.Build.0 = Release|x86
		{7B68E2B0-64AF-4F6D-8EA3-0C90974E4170}.Ad-Hoc|Any CPU.Deploy.0 = Release|x86
		{7B68E2B0-64AF-4F6D-8EA3-0C90974E4170}.Ad-Hoc|ARM.ActiveCfg = Release|ARM
		{7B68E2B0-64AF-4F6D-8EA3-0C90974E4170}.Ad-Hoc|ARM.Build.0 = Release|ARM
		{7B68E2B0-64AF-4F6D-8EA3-0C90974E4170}.Ad-Hoc|ARM.Deploy.0 = Release|ARM
		{7B68E2B0-64AF-4F6D-8EA3-0C90974E4170}.Ad-Hoc|iPhone.ActiveCfg = Release|x86
		{7B68E2B0-64AF-4F6D-8EA3-0C90974E4170}.Ad-Hoc|iPhone.Build.0 = Release|x86
		{7B68E2B0-64AF-4F6D-8EA3-0C90974E4170}.Ad-Hoc|iPhone.Deploy.0 = Release|x86
		{7B68E2B0-64AF-4F6D-8EA3-0C90974E4170}.Ad-Hoc|iPhoneSimulator.ActiveCfg = Release|x86
		{7B68E2B0-64AF-4F6D-8EA3-0C90974E4170}.Ad-Hoc|iPhoneSimulator.Build.0 = Release|x86
		{7B68E2B0-64AF-4F6D-8EA3-0C90974E4170}.Ad-Hoc|iPhoneSimulator.Deploy.0 = Release|x86
		{7B68E2B0-64AF-4F6D-8EA3-0C90974E4170}.Ad-Hoc|x64.ActiveCfg = Release|x64
		{7B68E2B0-64AF-4F6D-8EA3-0C90974E4170}.Ad-Hoc|x64.Build.0 = Release|x64
		{7B68E2B0-64AF-4F6D-8EA3-0C90974E4170}.Ad-Hoc|x64.Deploy.0 = Release|x64
		{7B68E2B0-64AF-4F6D-8EA3-0C90974E4170}.Ad-Hoc|x86.ActiveCfg = Release|x86
		{7B68E2B0-64AF-4F6D-8EA3-0C90974E4170}.Ad-Hoc|x86.Build.0 = Release|x86
		{7B68E2B0-64AF-4F6D-8EA3-0C90974E4170}.Ad-Hoc|x86.Deploy.0 = Release|x86
		{7B68E2B0-64AF-4F6D-8EA3-0C90974E4170}.AppStore|Any CPU.ActiveCfg = Release|x86
		{7B68E2B0-64AF-4F6D-8EA3-0C90974E4170}.AppStore|Any CPU.Build.0 = Release|x86
		{7B68E2B0-64AF-4F6D-8EA3-0C90974E4170}.AppStore|Any CPU.Deploy.0 = Release|x86
		{7B68E2B0-64AF-4F6D-8EA3-0C90974E4170}.AppStore|ARM.ActiveCfg = Release|ARM
		{7B68E2B0-64AF-4F6D-8EA3-0C90974E4170}.AppStore|ARM.Build.0 = Release|ARM
		{7B68E2B0-64AF-4F6D-8EA3-0C90974E4170}.AppStore|ARM.Deploy.0 = Release|ARM
		{7B68E2B0-64AF-4F6D-8EA3-0C90974E4170}.AppStore|iPhone.ActiveCfg = Release|x86
		{7B68E2B0-64AF-4F6D-8EA3-0C90974E4170}.AppStore|iPhone.Build.0 = Release|x86
		{7B68E2B0-64AF-4F6D-8EA3-0C90974E4170}.AppStore|iPhone.Deploy.0 = Release|x86
		{7B68E2B0-64AF-4F6D-8EA3-0C90974E4170}.AppStore|iPhoneSimulator.ActiveCfg = Release|x86
		{7B68E2B0-64AF-4F6D-8EA3-0C90974E4170}.AppStore|iPhoneSimulator.Build.0 = Release|x86
		{7B68E2B0-64AF-4F6D-8EA3-0C90974E4170}.AppStore|iPhoneSimulator.Deploy.0 = Release|x86
		{7B68E2B0-64AF-4F6D-8EA3-0C90974E4170}.AppStore|x64.ActiveCfg = Release|x64
		{7B68E2B0-64AF-4F6D-8EA3-0C90974E4170}.AppStore|x64.Build.0 = Release|x64
		{7B68E2B0-64AF-4F6D-8EA3-0C90974E4170}.AppStore|x64.Deploy.0 = Release|x64
		{7B68E2B0-64AF-4F6D-8EA3-0C90974E4170}.AppStore|x86.ActiveCfg = Release|x86
		{7B68E2B0-64AF-4F6D-8EA3-0C90974E4170}.AppStore|x86.Build.0 = Release|x86
		{7B68E2B0-64AF-4F6D-8EA3-0C90974E4170}.AppStore|x86.Deploy.0 = Release|x86
		{7B68E2B0-64AF-4F6D-8EA3-0C90974E4170}.Debug|Any CPU.ActiveCfg = Debug|x86
		{7B68E2B0-64AF-4F6D-8EA3-0C90974E4170}.Debug|ARM.ActiveCfg = Debug|ARM
		{7B68E2B0-64AF-4F6D-8EA3-0C90974E4170}.Debug|ARM.Build.0 = Debug|ARM
		{7B68E2B0-64AF-4F6D-8EA3-0C90974E4170}.Debug|ARM.Deploy.0 = Debug|ARM
		{7B68E2B0-64AF-4F6D-8EA3-0C90974E4170}.Debug|iPhone.ActiveCfg = Debug|x86
		{7B68E2B0-64AF-4F6D-8EA3-0C90974E4170}.Debug|iPhoneSimulator.ActiveCfg = Debug|x86
		{7B68E2B0-64AF-4F6D-8EA3-0C90974E4170}.Debug|x64.ActiveCfg = Debug|x64
		{7B68E2B0-64AF-4F6D-8EA3-0C90974E4170}.Debug|x64.Build.0 = Debug|x64
		{7B68E2B0-64AF-4F6D-8EA3-0C90974E4170}.Debug|x64.Deploy.0 = Debug|x64
		{7B68E2B0-64AF-4F6D-8EA3-0C90974E4170}.Debug|x86.ActiveCfg = Debug|x86
		{7B68E2B0-64AF-4F6D-8EA3-0C90974E4170}.Debug|x86.Build.0 = Debug|x86
		{7B68E2B0-64AF-4F6D-8EA3-0C90974E4170}.Debug|x86.Deploy.0 = Debug|x86
		{7B68E2B0-64AF-4F6D-8EA3-0C90974E4170}.Release|Any CPU.ActiveCfg = Release|x86
		{7B68E2B0-64AF-4F6D-8EA3-0C90974E4170}.Release|ARM.ActiveCfg = Release|ARM
		{7B68E2B0-64AF-4F6D-8EA3-0C90974E4170}.Release|ARM.Build.0 = Release|ARM
		{7B68E2B0-64AF-4F6D-8EA3-0C90974E4170}.Release|ARM.Deploy.0 = Release|ARM
		{7B68E2B0-64AF-4F6D-8EA3-0C90974E4170}.Release|iPhone.ActiveCfg = Release|x86
		{7B68E2B0-64AF-4F6D-8EA3-0C90974E4170}.Release|iPhoneSimulator.ActiveCfg = Release|x86
		{7B68E2B0-64AF-4F6D-8EA3-0C90974E4170}.Release|x64.ActiveCfg = Release|x64
		{7B68E2B0-64AF-4F6D-8EA3-0C90974E4170}.Release|x64.Build.0 = Release|x64
		{7B68E2B0-64AF-4F6D-8EA3-0C90974E4170}.Release|x64.Deploy.0 = Release|x64
		{7B68E2B0-64AF-4F6D-8EA3-0C90974E4170}.Release|x86.ActiveCfg = Release|x86
		{7B68E2B0-64AF-4F6D-8EA3-0C90974E4170}.Release|x86.Build.0 = Release|x86
		{7B68E2B0-64AF-4F6D-8EA3-0C90974E4170}.Release|x86.Deploy.0 = Release|x86
		{C0661727-4E7F-4403-9C9A-F6EC056ADD25}.Ad-Hoc|Any CPU.ActiveCfg = Debug|Any CPU
		{C0661727-4E7F-4403-9C9A-F6EC056ADD25}.Ad-Hoc|Any CPU.Build.0 = Debug|Any CPU
		{C0661727-4E7F-4403-9C9A-F6EC056ADD25}.Ad-Hoc|ARM.ActiveCfg = Debug|Any CPU
		{C0661727-4E7F-4403-9C9A-F6EC056ADD25}.Ad-Hoc|ARM.Build.0 = Debug|Any CPU
		{C0661727-4E7F-4403-9C9A-F6EC056ADD25}.Ad-Hoc|iPhone.ActiveCfg = Debug|Any CPU
		{C0661727-4E7F-4403-9C9A-F6EC056ADD25}.Ad-Hoc|iPhone.Build.0 = Debug|Any CPU
		{C0661727-4E7F-4403-9C9A-F6EC056ADD25}.Ad-Hoc|iPhoneSimulator.ActiveCfg = Debug|Any CPU
		{C0661727-4E7F-4403-9C9A-F6EC056ADD25}.Ad-Hoc|iPhoneSimulator.Build.0 = Debug|Any CPU
		{C0661727-4E7F-4403-9C9A-F6EC056ADD25}.Ad-Hoc|x64.ActiveCfg = Debug|Any CPU
		{C0661727-4E7F-4403-9C9A-F6EC056ADD25}.Ad-Hoc|x64.Build.0 = Debug|Any CPU
		{C0661727-4E7F-4403-9C9A-F6EC056ADD25}.Ad-Hoc|x86.ActiveCfg = Debug|Any CPU
		{C0661727-4E7F-4403-9C9A-F6EC056ADD25}.Ad-Hoc|x86.Build.0 = Debug|Any CPU
		{C0661727-4E7F-4403-9C9A-F6EC056ADD25}.AppStore|Any CPU.ActiveCfg = Debug|Any CPU
		{C0661727-4E7F-4403-9C9A-F6EC056ADD25}.AppStore|Any CPU.Build.0 = Debug|Any CPU
		{C0661727-4E7F-4403-9C9A-F6EC056ADD25}.AppStore|ARM.ActiveCfg = Debug|Any CPU
		{C0661727-4E7F-4403-9C9A-F6EC056ADD25}.AppStore|ARM.Build.0 = Debug|Any CPU
		{C0661727-4E7F-4403-9C9A-F6EC056ADD25}.AppStore|iPhone.ActiveCfg = Debug|Any CPU
		{C0661727-4E7F-4403-9C9A-F6EC056ADD25}.AppStore|iPhone.Build.0 = Debug|Any CPU
		{C0661727-4E7F-4403-9C9A-F6EC056ADD25}.AppStore|iPhoneSimulator.ActiveCfg = Debug|Any CPU
		{C0661727-4E7F-4403-9C9A-F6EC056ADD25}.AppStore|iPhoneSimulator.Build.0 = Debug|Any CPU
		{C0661727-4E7F-4403-9C9A-F6EC056ADD25}.AppStore|x64.ActiveCfg = Debug|Any CPU
		{C0661727-4E7F-4403-9C9A-F6EC056ADD25}.AppStore|x64.Build.0 = Debug|Any CPU
		{C0661727-4E7F-4403-9C9A-F6EC056ADD25}.AppStore|x86.ActiveCfg = Debug|Any CPU
		{C0661727-4E7F-4403-9C9A-F6EC056ADD25}.AppStore|x86.Build.0 = Debug|Any CPU
		{C0661727-4E7F-4403-9C9A-F6EC056ADD25}.Debug|Any CPU.ActiveCfg = Debug|Any CPU
		{C0661727-4E7F-4403-9C9A-F6EC056ADD25}.Debug|Any CPU.Build.0 = Debug|Any CPU
		{C0661727-4E7F-4403-9C9A-F6EC056ADD25}.Debug|ARM.ActiveCfg = Debug|Any CPU
		{C0661727-4E7F-4403-9C9A-F6EC056ADD25}.Debug|ARM.Build.0 = Debug|Any CPU
		{C0661727-4E7F-4403-9C9A-F6EC056ADD25}.Debug|iPhone.ActiveCfg = Debug|Any CPU
		{C0661727-4E7F-4403-9C9A-F6EC056ADD25}.Debug|iPhone.Build.0 = Debug|Any CPU
		{C0661727-4E7F-4403-9C9A-F6EC056ADD25}.Debug|iPhoneSimulator.ActiveCfg = Debug|Any CPU
		{C0661727-4E7F-4403-9C9A-F6EC056ADD25}.Debug|iPhoneSimulator.Build.0 = Debug|Any CPU
		{C0661727-4E7F-4403-9C9A-F6EC056ADD25}.Debug|x64.ActiveCfg = Debug|Any CPU
		{C0661727-4E7F-4403-9C9A-F6EC056ADD25}.Debug|x64.Build.0 = Debug|Any CPU
		{C0661727-4E7F-4403-9C9A-F6EC056ADD25}.Debug|x86.ActiveCfg = Debug|Any CPU
		{C0661727-4E7F-4403-9C9A-F6EC056ADD25}.Debug|x86.Build.0 = Debug|Any CPU
		{C0661727-4E7F-4403-9C9A-F6EC056ADD25}.Release|Any CPU.ActiveCfg = Release|Any CPU
		{C0661727-4E7F-4403-9C9A-F6EC056ADD25}.Release|Any CPU.Build.0 = Release|Any CPU
		{C0661727-4E7F-4403-9C9A-F6EC056ADD25}.Release|ARM.ActiveCfg = Release|Any CPU
		{C0661727-4E7F-4403-9C9A-F6EC056ADD25}.Release|ARM.Build.0 = Release|Any CPU
		{C0661727-4E7F-4403-9C9A-F6EC056ADD25}.Release|iPhone.ActiveCfg = Release|Any CPU
		{C0661727-4E7F-4403-9C9A-F6EC056ADD25}.Release|iPhone.Build.0 = Release|Any CPU
		{C0661727-4E7F-4403-9C9A-F6EC056ADD25}.Release|iPhoneSimulator.ActiveCfg = Release|Any CPU
		{C0661727-4E7F-4403-9C9A-F6EC056ADD25}.Release|iPhoneSimulator.Build.0 = Release|Any CPU
		{C0661727-4E7F-4403-9C9A-F6EC056ADD25}.Release|x64.ActiveCfg = Release|Any CPU
		{C0661727-4E7F-4403-9C9A-F6EC056ADD25}.Release|x64.Build.0 = Release|Any CPU
		{C0661727-4E7F-4403-9C9A-F6EC056ADD25}.Release|x86.ActiveCfg = Release|Any CPU
		{C0661727-4E7F-4403-9C9A-F6EC056ADD25}.Release|x86.Build.0 = Release|Any CPU
	EndGlobalSection
	GlobalSection(SolutionProperties) = preSolution
		HideSolutionNode = FALSE
	EndGlobalSection
	GlobalSection(ExtensibilityGlobals) = postSolution
		SolutionGuid = {9EC986FB-2EED-4153-8EE4-883A51C76077}
	EndGlobalSection
EndGlobal
